
Microsoft Visual Studio Solution File, Format Version 12.00
# Visual Studio 15
VisualStudioVersion = 15.0.28307.271
MinimumVisualStudioVersion = 10.0.40219.1
Project("{FAE04EC0-301F-11D3-BF4B-00C04F79EFBC}") = "CoreVue", "CoreVue\CoreVue.csproj", "{D9E2DD66-E07D-4248-9CF6-926B22E34997}"
EndProject
Global
	GlobalSection(SolutionConfigurationPlatforms) = preSolution
		Debug|Any CPU = Debug|Any CPU
		Release|Any CPU = Release|Any CPU
	EndGlobalSection
	GlobalSection(ProjectConfigurationPlatforms) = postSolution
		{D9E2DD66-E07D-4248-9CF6-926B22E34997}.Debug|Any CPU.ActiveCfg = Debug|Any CPU
		{D9E2DD66-E07D-4248-9CF6-926B22E34997}.Debug|Any CPU.Build.0 = Debug|Any CPU
		{D9E2DD66-E07D-4248-9CF6-926B22E34997}.Release|Any CPU.ActiveCfg = Release|Any CPU
		{D9E2DD66-E07D-4248-9CF6-926B22E34997}.Release|Any CPU.Build.0 = Release|Any CPU
	EndGlobalSection
	GlobalSection(SolutionProperties) = preSolution
		HideSolutionNode = FALSE
	EndGlobalSection
	GlobalSection(ExtensibilityGlobals) = postSolution
		SolutionGuid = {9AF19B16-29DE-4772-BE4D-8707FC0B852B}
	EndGlobalSection
EndGlobal
